
Microsoft Visual Studio Solution File, Format Version 12.00
# Visual Studio Version 16
VisualStudioVersion = 16.0.30406.217
MinimumVisualStudioVersion = 10.0.40219.1
Project("{FAE04EC0-301F-11D3-BF4B-00C04F79EFBC}") = "MovieRental", "MovieRental.csproj", "{C15230A6-DECB-4515-8751-4816323678BA}"
EndProject
Global
	GlobalSection(SolutionConfigurationPlatforms) = preSolution
		Debug|Any CPU = Debug|Any CPU
		Release|Any CPU = Release|Any CPU
	EndGlobalSection
	GlobalSection(ProjectConfigurationPlatforms) = postSolution
		{C15230A6-DECB-4515-8751-4816323678BA}.Debug|Any CPU.ActiveCfg = Debug|Any CPU
		{C15230A6-DECB-4515-8751-4816323678BA}.Debug|Any CPU.Build.0 = Debug|Any CPU
		{C15230A6-DECB-4515-8751-4816323678BA}.Release|Any CPU.ActiveCfg = Release|Any CPU
		{C15230A6-DECB-4515-8751-4816323678BA}.Release|Any CPU.Build.0 = Release|Any CPU
	EndGlobalSection
	GlobalSection(SolutionProperties) = preSolution
		HideSolutionNode = FALSE
	EndGlobalSection
	GlobalSection(ExtensibilityGlobals) = postSolution
		SolutionGuid = {85677E36-CCC2-45D9-8507-679CE9310B44}
	EndGlobalSection
EndGlobal
